PODS:
  - AFNetworking (2.0.1):
    - AFNetworking/NSURLConnection
    - AFNetworking/NSURLSession
    - AFNetworking/Reachability
    - AFNetworking/Security
    - AFNetworking/Serialization
    - AFNetworking/UIKit
  - AFNetworking/NSURLConnection (2.0.1):
    - AFNetworking/Reachability
    - AFNetworking/Security
    - AFNetworking/Serialization
  - AFNetworking/NSURLSession (2.0.1):
    - AFNetworking/Reachability
    - AFNetworking/Security
    - AFNetworking/Serialization
  - AFNetworking/Reachability (2.0.1)
  - AFNetworking/Security (2.0.1)
  - AFNetworking/Serialization (2.0.1)
  - AFNetworking/UIKit (2.0.1):
    - AFNetworking/NSURLConnection
  - ISCache (0.0.1):
    - ISUtilities
  - ISUtilities (0.0.1)

DEPENDENCIES:
  - AFNetworking (~> 2.0)
  - ISCache (from `../dependencies/ISCache`)
  - ISUtilities (from `../dependencies/ISUtilities`)

EXTERNAL SOURCES:
  ISCache:
    :path: ../dependencies/ISCache
  ISUtilities:
    :path: ../dependencies/ISUtilities

SPEC CHECKSUMS:
  AFNetworking: a6f11ac4ac087303e6ff87adc1ba57b0dac20ef8
  ISCache: d8d89f93d9dfec164ad3bb3950fd7f88f0ee31d8
  ISUtilities: b076b6f5c3e84af9fd94269f1bbda0d376b0c02f

COCOAPODS: 0.26.2
